
Microsoft Visual Studio Solution File, Format Version 12.00
# Visual Studio Version 16
VisualStudioVersion = 16.0.30611.23
MinimumVisualStudioVersion = 10.0.40219.1
Project("{FAE04EC0-301F-11D3-BF4B-00C04F79EFBC}") = "UnsafeCode", "UnsafeCode\UnsafeCode.csproj", "{9945F2C8-9B95-4990-B647-04949A0A775E}"
EndProject
Global
	GlobalSection(SolutionConfigurationPlatforms) = preSolution
		Debug|Any CPU = Debug|Any CPU
		Release|Any CPU = Release|Any CPU
	EndGlobalSection
	GlobalSection(ProjectConfigurationPlatforms) = postSolution
		{9945F2C8-9B95-4990-B647-04949A0A775E}.Debug|Any CPU.ActiveCfg = Debug|Any CPU
		{9945F2C8-9B95-4990-B647-04949A0A775E}.Debug|Any CPU.Build.0 = Debug|Any CPU
		{9945F2C8-9B95-4990-B647-04949A0A775E}.Release|Any CPU.ActiveCfg = Release|Any CPU
		{9945F2C8-9B95-4990-B647-04949A0A775E}.Release|Any CPU.Build.0 = Release|Any CPU
	EndGlobalSection
	GlobalSection(SolutionProperties) = preSolution
		HideSolutionNode = FALSE
	EndGlobalSection
	GlobalSection(ExtensibilityGlobals) = postSolution
		SolutionGuid = {BD06B2A2-DD9C-4AA6-87AE-E4D4944C5A3A}
	EndGlobalSection
EndGlobal
